
Microsoft Visual Studio Solution File, Format Version 12.00
# Visual Studio 15
VisualStudioVersion = 15.0.28307.168
MinimumVisualStudioVersion = 10.0.40219.1
Project("{F184B08F-C81C-45F6-A57F-5ABD9991F28F}") = "DirectFerries", "DirectFerries\DirectFerries.vbproj", "{D57592A5-BDB7-4356-9779-5D32C6FE7C3A}"
EndProject
Global
	GlobalSection(SolutionConfigurationPlatforms) = preSolution
		Debug|Any CPU = Debug|Any CPU
		Release|Any CPU = Release|Any CPU
	EndGlobalSection
	GlobalSection(ProjectConfigurationPlatforms) = postSolution
		{D57592A5-BDB7-4356-9779-5D32C6FE7C3A}.Debug|Any CPU.ActiveCfg = Debug|Any CPU
		{D57592A5-BDB7-4356-9779-5D32C6FE7C3A}.Debug|Any CPU.Build.0 = Debug|Any CPU
		{D57592A5-BDB7-4356-9779-5D32C6FE7C3A}.Release|Any CPU.ActiveCfg = Release|Any CPU
		{D57592A5-BDB7-4356-9779-5D32C6FE7C3A}.Release|Any CPU.Build.0 = Release|Any CPU
	EndGlobalSection
	GlobalSection(SolutionProperties) = preSolution
		HideSolutionNode = FALSE
	EndGlobalSection
	GlobalSection(ExtensibilityGlobals) = postSolution
		SolutionGuid = {2B16659F-F1EE-498A-AEB3-A66674639C74}
	EndGlobalSection
EndGlobal
